
Microsoft Visual Studio Solution File, Format Version 12.00
Project("{FAE04EC0-301F-11D3-BF4B-00C04F79EFBC}") = "BusinessManager", "BusinessManager\BusinessManager.csproj", "{B1C8530E-36BD-4B31-87C7-E0562E8B1899}"
EndProject
Global
	GlobalSection(SolutionConfigurationPlatforms) = preSolution
		Debug|Any CPU = Debug|Any CPU
		Release|Any CPU = Release|Any CPU
	EndGlobalSection
	GlobalSection(ProjectConfigurationPlatforms) = postSolution
		{B1C8530E-36BD-4B31-87C7-E0562E8B1899}.Debug|Any CPU.ActiveCfg = Debug|Any CPU
		{B1C8530E-36BD-4B31-87C7-E0562E8B1899}.Debug|Any CPU.Build.0 = Debug|Any CPU
		{B1C8530E-36BD-4B31-87C7-E0562E8B1899}.Release|Any CPU.ActiveCfg = Release|Any CPU
		{B1C8530E-36BD-4B31-87C7-E0562E8B1899}.Release|Any CPU.Build.0 = Release|Any CPU
	EndGlobalSection
EndGlobal
